
Microsoft Visual Studio Solution File, Format Version 12.00
# Visual Studio Version 17
VisualStudioVersion = 17.9.34902.65
MinimumVisualStudioVersion = 10.0.40219.1
Project("{9A19103F-16F7-4668-BE54-9A1E7A4F7556}") = "RotateImg", "RotateImg\RotateImg.csproj", "{7002CF05-E381-4EC4-861F-CBDB5F7890AD}"
	ProjectSection(ProjectDependencies) = postProject
		{392B77E9-5035-44CC-9F01-D40D9B52F5FE} = {392B77E9-5035-44CC-9F01-D40D9B52F5FE}
	EndProjectSection
EndProject
Project("{8BC9CEB8-8B4A-11D0-8D11-00A0C91BC942}") = "RotateImgCore", "RotateImgCore\RotateImgCore.vcxproj", "{392B77E9-5035-44CC-9F01-D40D9B52F5FE}"
EndProject
Global
	GlobalSection(SolutionConfigurationPlatforms) = preSolution
		Debug|x64 = Debug|x64
		Debug|x86 = Debug|x86
		Release|x64 = Release|x64
		Release|x86 = Release|x86
	EndGlobalSection
	GlobalSection(ProjectConfigurationPlatforms) = postSolution
		{7002CF05-E381-4EC4-861F-CBDB5F7890AD}.Debug|x64.ActiveCfg = Debug|x64
		{7002CF05-E381-4EC4-861F-CBDB5F7890AD}.Debug|x64.Build.0 = Debug|x64
		{7002CF05-E381-4EC4-861F-CBDB5F7890AD}.Debug|x86.ActiveCfg = Debug|Any CPU
		{7002CF05-E381-4EC4-861F-CBDB5F7890AD}.Debug|x86.Build.0 = Debug|Any CPU
		{7002CF05-E381-4EC4-861F-CBDB5F7890AD}.Release|x64.ActiveCfg = Release|x64
		{7002CF05-E381-4EC4-861F-CBDB5F7890AD}.Release|x64.Build.0 = Release|x64
		{7002CF05-E381-4EC4-861F-CBDB5F7890AD}.Release|x86.ActiveCfg = Release|Any CPU
		{7002CF05-E381-4EC4-861F-CBDB5F7890AD}.Release|x86.Build.0 = Release|Any CPU
		{392B77E9-5035-44CC-9F01-D40D9B52F5FE}.Debug|x64.ActiveCfg = Debug|x64
		{392B77E9-5035-44CC-9F01-D40D9B52F5FE}.Debug|x64.Build.0 = Debug|x64
		{392B77E9-5035-44CC-9F01-D40D9B52F5FE}.Debug|x86.ActiveCfg = Debug|Win32
		{392B77E9-5035-44CC-9F01-D40D9B52F5FE}.Debug|x86.Build.0 = Debug|Win32
		{392B77E9-5035-44CC-9F01-D40D9B52F5FE}.Release|x64.ActiveCfg = Release|x64
		{392B77E9-5035-44CC-9F01-D40D9B52F5FE}.Release|x64.Build.0 = Release|x64
		{392B77E9-5035-44CC-9F01-D40D9B52F5FE}.Release|x86.ActiveCfg = Release|Win32
		{392B77E9-5035-44CC-9F01-D40D9B52F5FE}.Release|x86.Build.0 = Release|Win32
	EndGlobalSection
	GlobalSection(SolutionProperties) = preSolution
		HideSolutionNode = FALSE
	EndGlobalSection
	GlobalSection(ExtensibilityGlobals) = postSolution
		SolutionGuid = {A4A78DA5-1D99-465E-AAA5-E80D1A47C26B}
	EndGlobalSection
EndGlobal
